
Microsoft Visual Studio Solution File, Format Version 12.00
# Visual Studio Version 16
VisualStudioVersion = 16.0.30907.101
MinimumVisualStudioVersion = 10.0.40219.1
Project("{9A19103F-16F7-4668-BE54-9A1E7A4F7556}") = "RWSTroubleshooting", "RWSTroubleshooting\RWSTroubleshooting.csproj", "{11DE3CBE-81D0-4434-AB0A-EBB0AFED2A3E}"
EndProject
Project("{9A19103F-16F7-4668-BE54-9A1E7A4F7556}") = "Automation_RWassist", "Automation_RWassist\Automation_RWassist.csproj", "{E1E4A8FC-50BD-42D5-AEF0-4FCB5DB775FE}"
EndProject
Global
	GlobalSection(SolutionConfigurationPlatforms) = preSolution
		Debug|Any CPU = Debug|Any CPU
		Release|Any CPU = Release|Any CPU
	EndGlobalSection
	GlobalSection(ProjectConfigurationPlatforms) = postSolution
		{11DE3CBE-81D0-4434-AB0A-EBB0AFED2A3E}.Debug|Any CPU.ActiveCfg = Debug|Any CPU
		{11DE3CBE-81D0-4434-AB0A-EBB0AFED2A3E}.Debug|Any CPU.Build.0 = Debug|Any CPU
		{11DE3CBE-81D0-4434-AB0A-EBB0AFED2A3E}.Release|Any CPU.ActiveCfg = Release|Any CPU
		{11DE3CBE-81D0-4434-AB0A-EBB0AFED2A3E}.Release|Any CPU.Build.0 = Release|Any CPU
		{E1E4A8FC-50BD-42D5-AEF0-4FCB5DB775FE}.Debug|Any CPU.ActiveCfg = Debug|Any CPU
		{E1E4A8FC-50BD-42D5-AEF0-4FCB5DB775FE}.Debug|Any CPU.Build.0 = Debug|Any CPU
		{E1E4A8FC-50BD-42D5-AEF0-4FCB5DB775FE}.Release|Any CPU.ActiveCfg = Release|Any CPU
		{E1E4A8FC-50BD-42D5-AEF0-4FCB5DB775FE}.Release|Any CPU.Build.0 = Release|Any CPU
	EndGlobalSection
	GlobalSection(SolutionProperties) = preSolution
		HideSolutionNode = FALSE
	EndGlobalSection
	GlobalSection(ExtensibilityGlobals) = postSolution
		SolutionGuid = {FEF097FF-F9D8-4D6A-AFE6-46F809DDD8BB}
	EndGlobalSection
EndGlobal
